
Microsoft Visual Studio Solution File, Format Version 12.00
# Visual Studio Version 16
VisualStudioVersion = 16.0.30204.135
MinimumVisualStudioVersion = 10.0.40219.1
Project("{8BC9CEB8-8B4A-11D0-8D11-00A0C91BC942}") = "StdWinAPI32_5_MessageBox", "StdWinAPI32_5_MessageBox\StdWinAPI32_5_MessageBox.vcxproj", "{D597164F-6C21-40CD-BB03-E965F640A7C8}"
EndProject
Global
	GlobalSection(SolutionConfigurationPlatforms) = preSolution
		Debug|x64 = Debug|x64
		Debug|x86 = Debug|x86
		Release|x64 = Release|x64
		Release|x86 = Release|x86
	EndGlobalSection
	GlobalSection(ProjectConfigurationPlatforms) = postSolution
		{D597164F-6C21-40CD-BB03-E965F640A7C8}.Debug|x64.ActiveCfg = Debug|x64
		{D597164F-6C21-40CD-BB03-E965F640A7C8}.Debug|x64.Build.0 = Debug|x64
		{D597164F-6C21-40CD-BB03-E965F640A7C8}.Debug|x86.ActiveCfg = Debug|Win32
		{D597164F-6C21-40CD-BB03-E965F640A7C8}.Debug|x86.Build.0 = Debug|Win32
		{D597164F-6C21-40CD-BB03-E965F640A7C8}.Release|x64.ActiveCfg = Release|x64
		{D597164F-6C21-40CD-BB03-E965F640A7C8}.Release|x64.Build.0 = Release|x64
		{D597164F-6C21-40CD-BB03-E965F640A7C8}.Release|x86.ActiveCfg = Release|Win32
		{D597164F-6C21-40CD-BB03-E965F640A7C8}.Release|x86.Build.0 = Release|Win32
	EndGlobalSection
	GlobalSection(SolutionProperties) = preSolution
		HideSolutionNode = FALSE
	EndGlobalSection
	GlobalSection(ExtensibilityGlobals) = postSolution
		SolutionGuid = {107963D9-DA89-4F04-8ACA-8300A92E29AC}
	EndGlobalSection
EndGlobal
