
Microsoft Visual Studio Solution File, Format Version 12.00
# Visual Studio Version 16
VisualStudioVersion = 16.0.34114.132
MinimumVisualStudioVersion = 10.0.40219.1
Project("{FAE04EC0-301F-11D3-BF4B-00C04F79EFBC}") = "Project", "Project.csproj", "{36258390-8B5A-45D2-B045-777F916B6F28}"
EndProject
Global
	GlobalSection(SolutionConfigurationPlatforms) = preSolution
		Debug|Any CPU = Debug|Any CPU
		Release|Any CPU = Release|Any CPU
	EndGlobalSection
	GlobalSection(ProjectConfigurationPlatforms) = postSolution
		{36258390-8B5A-45D2-B045-777F916B6F28}.Debug|Any CPU.ActiveCfg = Debug|Any CPU
		{36258390-8B5A-45D2-B045-777F916B6F28}.Debug|Any CPU.Build.0 = Debug|Any CPU
		{36258390-8B5A-45D2-B045-777F916B6F28}.Release|Any CPU.ActiveCfg = Release|Any CPU
		{36258390-8B5A-45D2-B045-777F916B6F28}.Release|Any CPU.Build.0 = Release|Any CPU
	EndGlobalSection
	GlobalSection(SolutionProperties) = preSolution
		HideSolutionNode = FALSE
	EndGlobalSection
	GlobalSection(ExtensibilityGlobals) = postSolution
		SolutionGuid = {E7CDA773-54AA-4BE4-B69B-23E77D93843E}
	EndGlobalSection
EndGlobal
