
Microsoft Visual Studio Solution File, Format Version 12.00
# Visual Studio Version 16
VisualStudioVersion = 16.0.31321.278
MinimumVisualStudioVersion = 10.0.40219.1
Project("{FAE04EC0-301F-11D3-BF4B-00C04F79EFBC}") = "ConvertEncoding_1", "ConvertEncoding_1\ConvertEncoding_1.csproj", "{3660C027-5887-413B-B058-E093193609F2}"
EndProject
Global
	GlobalSection(SolutionConfigurationPlatforms) = preSolution
		Debug|Any CPU = Debug|Any CPU
		Release|Any CPU = Release|Any CPU
	EndGlobalSection
	GlobalSection(ProjectConfigurationPlatforms) = postSolution
		{3660C027-5887-413B-B058-E093193609F2}.Debug|Any CPU.ActiveCfg = Debug|Any CPU
		{3660C027-5887-413B-B058-E093193609F2}.Debug|Any CPU.Build.0 = Debug|Any CPU
		{3660C027-5887-413B-B058-E093193609F2}.Release|Any CPU.ActiveCfg = Release|Any CPU
		{3660C027-5887-413B-B058-E093193609F2}.Release|Any CPU.Build.0 = Release|Any CPU
	EndGlobalSection
	GlobalSection(SolutionProperties) = preSolution
		HideSolutionNode = FALSE
	EndGlobalSection
	GlobalSection(ExtensibilityGlobals) = postSolution
		SolutionGuid = {59967354-682B-449B-BEDF-FE51BAEEAD13}
	EndGlobalSection
EndGlobal
