Microsoft Visual Studio Solution File, Format Version 11.00
# Visual C++ Express 2010
Project("{8BC9CEB8-8B4A-11D0-8D11-00A0C91BC942}") = "toolbar04", "toolbar04.vcxproj", "{8F425172-9173-4315-82AC-E917A43257B9}"
EndProject
Global
	GlobalSection(SolutionConfigurationPlatforms) = preSolution
		Debug|Win32 = Debug|Win32
		Release|Win32 = Release|Win32
	EndGlobalSection
	GlobalSection(ProjectConfigurationPlatforms) = postSolution
		{8F425172-9173-4315-82AC-E917A43257B9}.Debug|Win32.ActiveCfg = Debug|Win32
		{8F425172-9173-4315-82AC-E917A43257B9}.Debug|Win32.Build.0 = Debug|Win32
		{8F425172-9173-4315-82AC-E917A43257B9}.Release|Win32.ActiveCfg = Release|Win32
		{8F425172-9173-4315-82AC-E917A43257B9}.Release|Win32.Build.0 = Release|Win32
	EndGlobalSection
	GlobalSection(SolutionProperties) = preSolution
		HideSolutionNode = FALSE
	EndGlobalSection
EndGlobal
