
Microsoft Visual Studio Solution File, Format Version 12.00
# Visual Studio Version 16
VisualStudioVersion = 16.0.31321.278
MinimumVisualStudioVersion = 10.0.40219.1
Project("{FAE04EC0-301F-11D3-BF4B-00C04F79EFBC}") = "ConsoleNetFrameWork", "ConsoleNetFrameWork\ConsoleNetFrameWork.csproj", "{B8E4F561-2CBE-4BE0-B8DE-45682D0A663B}"
EndProject
Global
	GlobalSection(SolutionConfigurationPlatforms) = preSolution
		Debug|Any CPU = Debug|Any CPU
		Release|Any CPU = Release|Any CPU
	EndGlobalSection
	GlobalSection(ProjectConfigurationPlatforms) = postSolution
		{B8E4F561-2CBE-4BE0-B8DE-45682D0A663B}.Debug|Any CPU.ActiveCfg = Debug|Any CPU
		{B8E4F561-2CBE-4BE0-B8DE-45682D0A663B}.Debug|Any CPU.Build.0 = Debug|Any CPU
		{B8E4F561-2CBE-4BE0-B8DE-45682D0A663B}.Release|Any CPU.ActiveCfg = Release|Any CPU
		{B8E4F561-2CBE-4BE0-B8DE-45682D0A663B}.Release|Any CPU.Build.0 = Release|Any CPU
	EndGlobalSection
	GlobalSection(SolutionProperties) = preSolution
		HideSolutionNode = FALSE
	EndGlobalSection
	GlobalSection(ExtensibilityGlobals) = postSolution
		SolutionGuid = {88A44B74-2C74-4CD6-999E-06B421548530}
	EndGlobalSection
EndGlobal
