
Microsoft Visual Studio Solution File, Format Version 11.00
# Visual C++ Express 2010
Project("{8BC9CEB8-8B4A-11D0-8D11-00A0C91BC942}") = "startup", "startup.vcxproj", "{6A1372FA-D86C-4392-B938-6CCC6DD1982A}"
EndProject
Global
	GlobalSection(SolutionConfigurationPlatforms) = preSolution
		Debug|Win32 = Debug|Win32
		Release|Win32 = Release|Win32
	EndGlobalSection
	GlobalSection(ProjectConfigurationPlatforms) = postSolution
		{6A1372FA-D86C-4392-B938-6CCC6DD1982A}.Debug|Win32.ActiveCfg = Debug|Win32
		{6A1372FA-D86C-4392-B938-6CCC6DD1982A}.Debug|Win32.Build.0 = Debug|Win32
		{6A1372FA-D86C-4392-B938-6CCC6DD1982A}.Release|Win32.ActiveCfg = Release|Win32
		{6A1372FA-D86C-4392-B938-6CCC6DD1982A}.Release|Win32.Build.0 = Release|Win32
	EndGlobalSection
	GlobalSection(SolutionProperties) = preSolution
		HideSolutionNode = FALSE
	EndGlobalSection
EndGlobal
