
Microsoft Visual Studio Solution File, Format Version 11.00
# Visual C++ Express 2010
Project("{8BC9CEB8-8B4A-11D0-8D11-00A0C91BC942}") = "dialog01", "dialog01.vcxproj", "{6D354DA1-C4CD-4366-938F-7B9DC3EC28C5}"
EndProject
Global
	GlobalSection(SolutionConfigurationPlatforms) = preSolution
		Debug|Win32 = Debug|Win32
		Release|Win32 = Release|Win32
	EndGlobalSection
	GlobalSection(ProjectConfigurationPlatforms) = postSolution
		{6D354DA1-C4CD-4366-938F-7B9DC3EC28C5}.Debug|Win32.ActiveCfg = Debug|Win32
		{6D354DA1-C4CD-4366-938F-7B9DC3EC28C5}.Debug|Win32.Build.0 = Debug|Win32
		{6D354DA1-C4CD-4366-938F-7B9DC3EC28C5}.Release|Win32.ActiveCfg = Release|Win32
		{6D354DA1-C4CD-4366-938F-7B9DC3EC28C5}.Release|Win32.Build.0 = Release|Win32
	EndGlobalSection
	GlobalSection(SolutionProperties) = preSolution
		HideSolutionNode = FALSE
	EndGlobalSection
EndGlobal
