
Microsoft Visual Studio Solution File, Format Version 12.00
# Visual Studio Version 16
VisualStudioVersion = 16.0.30804.86
MinimumVisualStudioVersion = 10.0.40219.1
Project("{FAE04EC0-301F-11D3-BF4B-00C04F79EFBC}") = "Excel_Gakubiki_01", "Excel_Gakubiki_01\Excel_Gakubiki_01.csproj", "{66FE58D8-6427-4D52-8926-12FE5F4573A8}"
EndProject
Global
	GlobalSection(SolutionConfigurationPlatforms) = preSolution
		Debug|Any CPU = Debug|Any CPU
		Release|Any CPU = Release|Any CPU
	EndGlobalSection
	GlobalSection(ProjectConfigurationPlatforms) = postSolution
		{66FE58D8-6427-4D52-8926-12FE5F4573A8}.Debug|Any CPU.ActiveCfg = Debug|Any CPU
		{66FE58D8-6427-4D52-8926-12FE5F4573A8}.Debug|Any CPU.Build.0 = Debug|Any CPU
		{66FE58D8-6427-4D52-8926-12FE5F4573A8}.Release|Any CPU.ActiveCfg = Release|Any CPU
		{66FE58D8-6427-4D52-8926-12FE5F4573A8}.Release|Any CPU.Build.0 = Release|Any CPU
	EndGlobalSection
	GlobalSection(SolutionProperties) = preSolution
		HideSolutionNode = FALSE
	EndGlobalSection
	GlobalSection(ExtensibilityGlobals) = postSolution
		SolutionGuid = {B40D2020-856D-4330-96CA-553965C9CB2D}
	EndGlobalSection
EndGlobal
